
Microsoft Visual Studio Solution File, Format Version 12.00
# Visual Studio Version 17
VisualStudioVersion = 17.11.35431.28
MinimumVisualStudioVersion = 10.0.40219.1
Project("{9A19103F-16F7-4668-BE54-9A1E7A4F7556}") = "Mediator", "Mediator\Mediator.csproj", "{BDA477C8-964F-4D51-8F80-8D234611CACA}"
EndProject
Project("{2150E333-8FDC-42A3-9474-1A3956D46DE8}") = "MainAPI", "MainAPI", "{10C5F72C-5D8F-4F79-9106-9077B75CCA53}"
EndProject
Project("{9A19103F-16F7-4668-BE54-9A1E7A4F7556}") = "Shared", "Shared\Shared.csproj", "{689309BD-44DE-47F6-8A1D-BF877188D1A5}"
EndProject
Project("{2150E333-8FDC-42A3-9474-1A3956D46DE8}") = "RatingService", "RatingService", "{9DB5503A-9F54-48A1-AC6A-0FEED3048F4C}"
EndProject
Project("{9A19103F-16F7-4668-BE54-9A1E7A4F7556}") = "Main.API", "Main.API\Main.API.csproj", "{D3748660-7529-4DE7-A8BC-ABF411E7CCFA}"
EndProject
Project("{9A19103F-16F7-4668-BE54-9A1E7A4F7556}") = "Main.Features", "Main.Features\Main.Features.csproj", "{7D0F1651-5469-4789-A12E-C8F21B86509A}"
EndProject
Project("{9A19103F-16F7-4668-BE54-9A1E7A4F7556}") = "Main.Infrastructure", "Main.Infrastructure\Main.Infrastructure.csproj", "{80B645A5-0C28-4349-9E18-0DE13BD6E619}"
EndProject
Project("{9A19103F-16F7-4668-BE54-9A1E7A4F7556}") = "Main.DataAccess", "Main.DataAccess\Main.DataAccess.csproj", "{290CDC3C-CA93-486A-986E-15AE253B7348}"
EndProject
Project("{9A19103F-16F7-4668-BE54-9A1E7A4F7556}") = "Domain", "Domain\Domain.csproj", "{4FD9B717-1D3F-4381-9B3B-BA08C3E48619}"
EndProject
Project("{9A19103F-16F7-4668-BE54-9A1E7A4F7556}") = "RatingService", "RatingService\RatingService.csproj", "{6ABCB1E6-0D3B-4DFF-88B7-0EB5D4552465}"
EndProject
Global
	GlobalSection(SolutionConfigurationPlatforms) = preSolution
		Debug|Any CPU = Debug|Any CPU
		Release|Any CPU = Release|Any CPU
	EndGlobalSection
	GlobalSection(ProjectConfigurationPlatforms) = postSolution
		{BDA477C8-964F-4D51-8F80-8D234611CACA}.Debug|Any CPU.ActiveCfg = Debug|Any CPU
		{BDA477C8-964F-4D51-8F80-8D234611CACA}.Debug|Any CPU.Build.0 = Debug|Any CPU
		{BDA477C8-964F-4D51-8F80-8D234611CACA}.Release|Any CPU.ActiveCfg = Release|Any CPU
		{BDA477C8-964F-4D51-8F80-8D234611CACA}.Release|Any CPU.Build.0 = Release|Any CPU
		{689309BD-44DE-47F6-8A1D-BF877188D1A5}.Debug|Any CPU.ActiveCfg = Debug|Any CPU
		{689309BD-44DE-47F6-8A1D-BF877188D1A5}.Debug|Any CPU.Build.0 = Debug|Any CPU
		{689309BD-44DE-47F6-8A1D-BF877188D1A5}.Release|Any CPU.ActiveCfg = Release|Any CPU
		{689309BD-44DE-47F6-8A1D-BF877188D1A5}.Release|Any CPU.Build.0 = Release|Any CPU
		{D3748660-7529-4DE7-A8BC-ABF411E7CCFA}.Debug|Any CPU.ActiveCfg = Debug|Any CPU
		{D3748660-7529-4DE7-A8BC-ABF411E7CCFA}.Debug|Any CPU.Build.0 = Debug|Any CPU
		{D3748660-7529-4DE7-A8BC-ABF411E7CCFA}.Release|Any CPU.ActiveCfg = Release|Any CPU
		{D3748660-7529-4DE7-A8BC-ABF411E7CCFA}.Release|Any CPU.Build.0 = Release|Any CPU
		{7D0F1651-5469-4789-A12E-C8F21B86509A}.Debug|Any CPU.ActiveCfg = Debug|Any CPU
		{7D0F1651-5469-4789-A12E-C8F21B86509A}.Debug|Any CPU.Build.0 = Debug|Any CPU
		{7D0F1651-5469-4789-A12E-C8F21B86509A}.Release|Any CPU.ActiveCfg = Release|Any CPU
		{7D0F1651-5469-4789-A12E-C8F21B86509A}.Release|Any CPU.Build.0 = Release|Any CPU
		{80B645A5-0C28-4349-9E18-0DE13BD6E619}.Debug|Any CPU.ActiveCfg = Debug|Any CPU
		{80B645A5-0C28-4349-9E18-0DE13BD6E619}.Debug|Any CPU.Build.0 = Debug|Any CPU
		{80B645A5-0C28-4349-9E18-0DE13BD6E619}.Release|Any CPU.ActiveCfg = Release|Any CPU
		{80B645A5-0C28-4349-9E18-0DE13BD6E619}.Release|Any CPU.Build.0 = Release|Any CPU
		{290CDC3C-CA93-486A-986E-15AE253B7348}.Debug|Any CPU.ActiveCfg = Debug|Any CPU
		{290CDC3C-CA93-486A-986E-15AE253B7348}.Debug|Any CPU.Build.0 = Debug|Any CPU
		{290CDC3C-CA93-486A-986E-15AE253B7348}.Release|Any CPU.ActiveCfg = Release|Any CPU
		{290CDC3C-CA93-486A-986E-15AE253B7348}.Release|Any CPU.Build.0 = Release|Any CPU
		{4FD9B717-1D3F-4381-9B3B-BA08C3E48619}.Debug|Any CPU.ActiveCfg = Debug|Any CPU
		{4FD9B717-1D3F-4381-9B3B-BA08C3E48619}.Debug|Any CPU.Build.0 = Debug|Any CPU
		{4FD9B717-1D3F-4381-9B3B-BA08C3E48619}.Release|Any CPU.ActiveCfg = Release|Any CPU
		{4FD9B717-1D3F-4381-9B3B-BA08C3E48619}.Release|Any CPU.Build.0 = Release|Any CPU
		{6ABCB1E6-0D3B-4DFF-88B7-0EB5D4552465}.Debug|Any CPU.ActiveCfg = Debug|Any CPU
		{6ABCB1E6-0D3B-4DFF-88B7-0EB5D4552465}.Debug|Any CPU.Build.0 = Debug|Any CPU
		{6ABCB1E6-0D3B-4DFF-88B7-0EB5D4552465}.Release|Any CPU.ActiveCfg = Release|Any CPU
		{6ABCB1E6-0D3B-4DFF-88B7-0EB5D4552465}.Release|Any CPU.Build.0 = Release|Any CPU
	EndGlobalSection
	GlobalSection(SolutionProperties) = preSolution
		HideSolutionNode = FALSE
	EndGlobalSection
	GlobalSection(NestedProjects) = preSolution
		{D3748660-7529-4DE7-A8BC-ABF411E7CCFA} = {10C5F72C-5D8F-4F79-9106-9077B75CCA53}
		{7D0F1651-5469-4789-A12E-C8F21B86509A} = {10C5F72C-5D8F-4F79-9106-9077B75CCA53}
		{80B645A5-0C28-4349-9E18-0DE13BD6E619} = {10C5F72C-5D8F-4F79-9106-9077B75CCA53}
		{290CDC3C-CA93-486A-986E-15AE253B7348} = {10C5F72C-5D8F-4F79-9106-9077B75CCA53}
		{6ABCB1E6-0D3B-4DFF-88B7-0EB5D4552465} = {9DB5503A-9F54-48A1-AC6A-0FEED3048F4C}
	EndGlobalSection
	GlobalSection(ExtensibilityGlobals) = postSolution
		SolutionGuid = {C0066F7A-FB16-41C9-A95B-9F424D1CDED2}
	EndGlobalSection
EndGlobal
